// !$*UTF8*$!
{
	archiveVersion = 1;
	classes = {
	};
	objectVersion = 55;
	objects = {

/* Begin PBXBuildFile section */
		022CBD8327BAF1260049B98F /* AppDelegate.swift in Sources */ = {isa = PBXBuildFile; fileRef = 022CBD8227BAF1260049B98F /* AppDelegate.swift */; };
		022CBD8527BAF1260049B98F /* SceneDelegate.swift in Sources */ = {isa = PBXBuildFile; fileRef = 022CBD8427BAF1260049B98F /* SceneDelegate.swift */; };
		022CBD8727BAF1260049B98F /* ViewController.swift in Sources */ = {isa = PBXBuildFile; fileRef = 022CBD8627BAF1260049B98F /* ViewController.swift */; };
		022CBD8C27BAF1270049B98F /* Assets.xcassets in Resources */ = {isa = PBXBuildFile; fileRef = 022CBD8B27BAF1270049B98F /* Assets.xcassets */; };
		022CBD8F27BAF1270049B98F /* LaunchScreen.storyboard in Resources */ = {isa = PBXBuildFile; fileRef = 022CBD8D27BAF1270049B98F /* LaunchScreen.storyboard */; };
		022CBD9D27BAF24B0049B98F /* NetworkManager.swift in Sources */ = {isa = PBXBuildFile; fileRef = 022CBD9C27BAF24B0049B98F /* NetworkManager.swift */; };
		022CBD9F27BAF2700049B98F /* NetworkError.swift in Sources */ = {isa = PBXBuildFile; fileRef = 022CBD9E27BAF2700049B98F /* NetworkError.swift */; };
		022CBDA127BAF28C0049B98F /* NetworkURL.swift in Sources */ = {isa = PBXBuildFile; fileRef = 022CBDA027BAF28C0049B98F /* NetworkURL.swift */; };
		022CBDA327BAF2D40049B98F /* Welcome.swift in Sources */ = {isa = PBXBuildFile; fileRef = 022CBDA227BAF2D40049B98F /* Welcome.swift */; };
		022CBDA527BAF2E50049B98F /* Results.swift in Sources */ = {isa = PBXBuildFile; fileRef = 022CBDA427BAF2E50049B98F /* Results.swift */; };
		022CBDA727BAF3480049B98F /* MovieCell.swift in Sources */ = {isa = PBXBuildFile; fileRef = 022CBDA627BAF3480049B98F /* MovieCell.swift */; };
		022CBDA927BAF39F0049B98F /* ViewModel.swift in Sources */ = {isa = PBXBuildFile; fileRef = 022CBDA827BAF39F0049B98F /* ViewModel.swift */; };
		028BEC2F27BB3CF60048A14C /* DetailViewController.swift in Sources */ = {isa = PBXBuildFile; fileRef = 028BEC2E27BB3CF60048A14C /* DetailViewController.swift */; };
/* End PBXBuildFile section */

/* Begin PBXFileReference section */
		022CBD7F27BAF1260049B98F /* Homework2.app */ = {isa = PBXFileReference; explicitFileType = wrapper.application; includeInIndex = 0; path = Homework2.app; sourceTree = BUILT_PRODUCTS_DIR; };
		022CBD8227BAF1260049B98F /* AppDelegate.swift */ = {isa = PBXFileReference; lastKnownFileType = sourcecode.swift; path = AppDelegate.swift; sourceTree = "<group>"; };
		022CBD8427BAF1260049B98F /* SceneDelegate.swift */ = {isa = PBXFileReference; lastKnownFileType = sourcecode.swift; path = SceneDelegate.swift; sourceTree = "<group>"; };
		022CBD8627BAF1260049B98F /* ViewController.swift */ = {isa = PBXFileReference; lastKnownFileType = sourcecode.swift; path = ViewController.swift; sourceTree = "<group>"; };
		022CBD8B27BAF1270049B98F /* Assets.xcassets */ = {isa = PBXFileReference; lastKnownFileType = folder.assetcatalog; path = Assets.xcassets; sourceTree = "<group>"; };
		022CBD8E27BAF1270049B98F /* Base */ = {isa = PBXFileReference; lastKnownFileType = file.storyboard; name = Base; path = Base.lproj/LaunchScreen.storyboard; sourceTree = "<group>"; };
		022CBD9027BAF1270049B98F /* Info.plist */ = {isa = PBXFileReference; lastKnownFileType = text.plist.xml; path = Info.plist; sourceTree = "<group>"; };
		022CBD9C27BAF24B0049B98F /* NetworkManager.swift */ = {isa = PBXFileReference; lastKnownFileType = sourcecode.swift; path = NetworkManager.swift; sourceTree = "<group>"; };
		022CBD9E27BAF2700049B98F /* NetworkError.swift */ = {isa = PBXFileReference; lastKnownFileType = sourcecode.swift; path = NetworkError.swift; sourceTree = "<group>"; };
		022CBDA027BAF28C0049B98F /* NetworkURL.swift */ = {isa = PBXFileReference; lastKnownFileType = sourcecode.swift; path = NetworkURL.swift; sourceTree = "<group>"; };
		022CBDA227BAF2D40049B98F /* Welcome.swift */ = {isa = PBXFileReference; lastKnownFileType = sourcecode.swift; path = Welcome.swift; sourceTree = "<group>"; };
		022CBDA427BAF2E50049B98F /* Results.swift */ = {isa = PBXFileReference; lastKnownFileType = sourcecode.swift; path = Results.swift; sourceTree = "<group>"; };
		022CBDA627BAF3480049B98F /* MovieCell.swift */ = {isa = PBXFileReference; lastKnownFileType = sourcecode.swift; path = MovieCell.swift; sourceTree = "<group>"; };
		022CBDA827BAF39F0049B98F /* ViewModel.swift */ = {isa = PBXFileReference; lastKnownFileType = sourcecode.swift; path = ViewModel.swift; sourceTree = "<group>"; };
		028BEC2E27BB3CF60048A14C /* DetailViewController.swift */ = {isa = PBXFileReference; lastKnownFileType = sourcecode.swift; path = DetailViewController.swift; sourceTree = "<group>"; };
/* End PBXFileReference section */

/* Begin PBXFrameworksBuildPhase section */
		022CBD7C27BAF1260049B98F /* Frameworks */ = {
			isa = PBXFrameworksBuildPhase;
			buildActionMask = 2147483647;
			files = (
			);
			runOnlyForDeploymentPostprocessing = 0;
		};
/* End PBXFrameworksBuildPhase section */

/* Begin PBXGroup section */
		022CBD7627BAF1260049B98F = {
			isa = PBXGroup;
			children = (
				022CBD8127BAF1260049B98F /* Homework2 */,
				022CBD8027BAF1260049B98F /* Products */,
			);
			sourceTree = "<group>";
		};
		022CBD8027BAF1260049B98F /* Products */ = {
			isa = PBXGroup;
			children = (
				022CBD7F27BAF1260049B98F /* Homework2.app */,
			);
			name = Products;
			sourceTree = "<group>";
		};
		022CBD8127BAF1260049B98F /* Homework2 */ = {
			isa = PBXGroup;
			children = (
				022CBD8227BAF1260049B98F /* AppDelegate.swift */,
				022CBD8427BAF1260049B98F /* SceneDelegate.swift */,
				022CBD9B27BAF2050049B98F /* NetworkManager */,
				022CBD9727BAF1D70049B98F /* Models */,
				022CBD9A27BAF1FA0049B98F /* Views */,
				022CBD9927BAF1EA0049B98F /* ViewModel */,
				022CBD8B27BAF1270049B98F /* Assets.xcassets */,
				022CBD8D27BAF1270049B98F /* LaunchScreen.storyboard */,
				022CBD9027BAF1270049B98F /* Info.plist */,
			);
			path = Homework2;
			sourceTree = "<group>";
		};
		022CBD9727BAF1D70049B98F /* Models */ = {
			isa = PBXGroup;
			children = (
				022CBDA227BAF2D40049B98F /* Welcome.swift */,
				022CBDA427BAF2E50049B98F /* Results.swift */,
			);
			path = Models;
			sourceTree = "<group>";
		};
		022CBD9927BAF1EA0049B98F /* ViewModel */ = {
			isa = PBXGroup;
			children = (
				022CBDA827BAF39F0049B98F /* ViewModel.swift */,
			);
			path = ViewModel;
			sourceTree = "<group>";
		};
		022CBD9A27BAF1FA0049B98F /* Views */ = {
			isa = PBXGroup;
			children = (
				022CBD8627BAF1260049B98F /* ViewController.swift */,
				022CBDA627BAF3480049B98F /* MovieCell.swift */,
				028BEC2E27BB3CF60048A14C /* DetailViewController.swift */,
			);
			path = Views;
			sourceTree = "<group>";
		};
		022CBD9B27BAF2050049B98F /* NetworkManager */ = {
			isa = PBXGroup;
			children = (
				022CBD9C27BAF24B0049B98F /* NetworkManager.swift */,
				022CBD9E27BAF2700049B98F /* NetworkError.swift */,
				022CBDA027BAF28C0049B98F /* NetworkURL.swift */,
			);
			path = NetworkManager;
			sourceTree = "<group>";
		};
/* End PBXGroup section */

/* Begin PBXNativeTarget section */
		022CBD7E27BAF1260049B98F /* Homework2 */ = {
			isa = PBXNativeTarget;
			buildConfigurationList = 022CBD9327BAF1270049B98F /* Build configuration list for PBXNativeTarget "Homework2" */;
			buildPhases = (
				022CBD7B27BAF1260049B98F /* Sources */,
				022CBD7C27BAF1260049B98F /* Frameworks */,
				022CBD7D27BAF1260049B98F /* Resources */,
			);
			buildRules = (
			);
			dependencies = (
			);
			name = Homework2;
			productName = Homework2;
			productReference = 022CBD7F27BAF1260049B98F /* Homework2.app */;
			productType = "com.apple.product-type.application";
		};
/* End PBXNativeTarget section */

/* Begin PBXProject section */
		022CBD7727BAF1260049B98F /* Project object */ = {
			isa = PBXProject;
			attributes = {
				BuildIndependentTargetsInParallel = 1;
				LastSwiftUpdateCheck = 1320;
				LastUpgradeCheck = 1320;
				TargetAttributes = {
					022CBD7E27BAF1260049B98F = {
						CreatedOnToolsVersion = 13.2.1;
					};
				};
			};
			buildConfigurationList = 022CBD7A27BAF1260049B98F /* Build configuration list for PBXProject "Homework2" */;
			compatibilityVersion = "Xcode 13.0";
			developmentRegion = en;
			hasScannedForEncodings = 0;
			knownRegions = (
				en,
				Base,
			);
			mainGroup = 022CBD7627BAF1260049B98F;
			productRefGroup = 022CBD8027BAF1260049B98F /* Products */;
			projectDirPath = "";
			projectRoot = "";
			targets = (
				022CBD7E27BAF1260049B98F /* Homework2 */,
			);
		};
/* End PBXProject section */

/* Begin PBXResourcesBuildPhase section */
		022CBD7D27BAF1260049B98F /* Resources */ = {
			isa = PBXResourcesBuildPhase;
			buildActionMask = 2147483647;
			files = (
				022CBD8F27BAF1270049B98F /* LaunchScreen.storyboard in Resources */,
				022CBD8C27BAF1270049B98F /* Assets.xcassets in Resources */,
			);
			runOnlyForDeploymentPostprocessing = 0;
		};
/* End PBXResourcesBuildPhase section */

/* Begin PBXSourcesBuildPhase section */
		022CBD7B27BAF1260049B98F /* Sources */ = {
			isa = PBXSourcesBuildPhase;
			buildActionMask = 2147483647;
			files = (
				028BEC2F27BB3CF60048A14C /* DetailViewController.swift in Sources */,
				022CBDA927BAF39F0049B98F /* ViewModel.swift in Sources */,
				022CBDA127BAF28C0049B98F /* NetworkURL.swift in Sources */,
				022CBD9D27BAF24B0049B98F /* NetworkManager.swift in Sources */,
				022CBDA727BAF3480049B98F /* MovieCell.swift in Sources */,
				022CBDA527BAF2E50049B98F /* Results.swift in Sources */,
				022CBD8727BAF1260049B98F /* ViewController.swift in Sources */,
				022CBD8327BAF1260049B98F /* AppDelegate.swift in Sources */,
				022CBD8527BAF1260049B98F /* SceneDelegate.swift in Sources */,
				022CBD9F27BAF2700049B98F /* NetworkError.swift in Sources */,
				022CBDA327BAF2D40049B98F /* Welcome.swift in Sources */,
			);
			runOnlyForDeploymentPostprocessing = 0;
		};
/* End PBXSourcesBuildPhase section */

/* Begin PBXVariantGroup section */
		022CBD8D27BAF1270049B98F /* LaunchScreen.storyboard */ = {
			isa = PBXVariantGroup;
			children = (
				022CBD8E27BAF1270049B98F /* Base */,
			);
			name = LaunchScreen.storyboard;
			sourceTree = "<group>";
		};
/* End PBXVariantGroup section */

/* Begin XCBuildConfiguration section */
		022CBD9127BAF1270049B98F /* Debug */ = {
			isa = XCBuildConfiguration;
			buildSettings = {
				ALWAYS_SEARCH_USER_PATHS = NO;
				CLANG_ANALYZER_NONNULL = YES;
				CLANG_ANALYZER_NUMBER_OBJECT_CONVERSION = YES_AGGRESSIVE;
				CLANG_CXX_LANGUAGE_STANDARD = "gnu++17";
				CLANG_CXX_LIBRARY = "libc++";
				CLANG_ENABLE_MODULES = YES;
				CLANG_ENABLE_OBJC_ARC = YES;
				CLANG_ENABLE_OBJC_WEAK = YES;
				CLANG_WARN_BLOCK_CAPTURE_AUTORELEASING = YES;
				CLANG_WARN_BOOL_CONVERSION = YES;
				CLANG_WARN_COMMA = YES;
				CLANG_WARN_CONSTANT_CONVERSION = YES;
				CLANG_WARN_DEPRECATED_OBJC_IMPLEMENTATIONS = YES;
				CLANG_WARN_DIRECT_OBJC_ISA_USAGE = YES_ERROR;
				CLANG_WARN_DOCUMENTATION_COMMENTS = YES;
				CLANG_WARN_EMPTY_BODY = YES;
				CLANG_WARN_ENUM_CONVERSION = YES;
				CLANG_WARN_INFINITE_RECURSION = YES;
				CLANG_WARN_INT_CONVERSION = YES;
				CLANG_WARN_NON_LITERAL_NULL_CONVERSION = YES;
				CLANG_WARN_OBJC_IMPLICIT_RETAIN_SELF = YES;
				CLANG_WARN_OBJC_LITERAL_CONVERSION = YES;
				CLANG_WARN_OBJC_ROOT_CLASS = YES_ERROR;
				CLANG_WARN_QUOTED_INCLUDE_IN_FRAMEWORK_HEADER = YES;
				CLANG_WARN_RANGE_LOOP_ANALYSIS = YES;
				CLANG_WARN_STRICT_PROTOTYPES = YES;
				CLANG_WARN_SUSPICIOUS_MOVE = YES;
				CLANG_WARN_UNGUARDED_AVAILABILITY = YES_AGGRESSIVE;
				CLANG_WARN_UNREACHABLE_CODE = YES;
				CLANG_WARN__DUPLICATE_METHOD_MATCH = YES;
				COPY_PHASE_STRIP = NO;
				DEBUG_INFORMATION_FORMAT = dwarf;
				ENABLE_STRICT_OBJC_MSGSEND = YES;
				ENABLE_TESTABILITY = YES;
				GCC_C_LANGUAGE_STANDARD = gnu11;
				GCC_DYNAMIC_NO_PIC = NO;
				GCC_NO_COMMON_BLOCKS = YES;
				GCC_OPTIMIZATION_LEVEL = 0;
				GCC_PREPROCESSOR_DEFINITIONS = (
					"DEBUG=1",
					"$(inherited)",
				);
				GCC_WARN_64_TO_32_BIT_CONVERSION = YES;
				GCC_WARN_ABOUT_RETURN_TYPE = YES_ERROR;
				GCC_WARN_UNDECLARED_SELECTOR = YES;
				GCC_WARN_UNINITIALIZED_AUTOS = YES_AGGRESSIVE;
				GCC_WARN_UNUSED_FUNCTION = YES;
				GCC_WARN_UNUSED_VARIABLE = YES;
				IPHONEOS_DEPLOYMENT_TARGET = 15.2;
				MTL_ENABLE_DEBUG_INFO = INCLUDE_SOURCE;
				MTL_FAST_MATH = YES;
				ONLY_ACTIVE_ARCH = YES;
				SDKROOT = iphoneos;
				SWIFT_ACTIVE_COMPILATION_CONDITIONS = DEBUG;
				SWIFT_OPTIMIZATION_LEVEL = "-Onone";
			};
			name = Debug;
		};
		022CBD9227BAF1270049B98F /* Release */ = {
			isa = XCBuildConfiguration;
			buildSettings = {
				ALWAYS_SEARCH_USER_PATHS = NO;
				CLANG_ANALYZER_NONNULL = YES;
				CLANG_ANALYZER_NUMBER_OBJECT_CONVERSION = YES_AGGRESSIVE;
				CLANG_CXX_LANGUAGE_STANDARD = "gnu++17";
				CLANG_CXX_LIBRARY = "libc++";
				CLANG_ENABLE_MODULES = YES;
				CLANG_ENABLE_OBJC_ARC = YES;
				CLANG_ENABLE_OBJC_WEAK = YES;
				CLANG_WARN_BLOCK_CAPTURE_AUTORELEASING = YES;
				CLANG_WARN_BOOL_CONVERSION = YES;
				CLANG_WARN_COMMA = YES;
				CLANG_WARN_CONSTANT_CONVERSION = YES;
				CLANG_WARN_DEPRECATED_OBJC_IMPLEMENTATIONS = YES;
				CLANG_WARN_DIRECT_OBJC_ISA_USAGE = YES_ERROR;
				CLANG_WARN_DOCUMENTATION_COMMENTS = YES;
				CLANG_WARN_EMPTY_BODY = YES;
				CLANG_WARN_ENUM_CONVERSION = YES;
				CLANG_WARN_INFINITE_RECURSION = YES;
				CLANG_WARN_INT_CONVERSION = YES;
				CLANG_WARN_NON_LITERAL_NULL_CONVERSION = YES;
				CLANG_WARN_OBJC_IMPLICIT_RETAIN_SELF = YES;
				CLANG_WARN_OBJC_LITERAL_CONVERSION = YES;
				CLANG_WARN_OBJC_ROOT_CLASS = YES_ERROR;
				CLANG_WARN_QUOTED_INCLUDE_IN_FRAMEWORK_HEADER = YES;
				CLANG_WARN_RANGE_LOOP_ANALYSIS = YES;
				CLANG_WARN_STRICT_PROTOTYPES = YES;
				CLANG_WARN_SUSPICIOUS_MOVE = YES;
				CLANG_WARN_UNGUARDED_AVAILABILITY = YES_AGGRESSIVE;
				CLANG_WARN_UNREACHABLE_CODE = YES;
				CLANG_WARN__DUPLICATE_METHOD_MATCH = YES;
				COPY_PHASE_STRIP = NO;
				DEBUG_INFORMATION_FORMAT = "dwarf-with-dsym";
				ENABLE_NS_ASSERTIONS = NO;
				ENABLE_STRICT_OBJC_MSGSEND = YES;
				GCC_C_LANGUAGE_STANDARD = gnu11;
				GCC_NO_COMMON_BLOCKS = YES;
				GCC_WARN_64_TO_32_BIT_CONVERSION = YES;
				GCC_WARN_ABOUT_RETURN_TYPE = YES_ERROR;
				GCC_WARN_UNDECLARED_SELECTOR = YES;
				GCC_WARN_UNINITIALIZED_AUTOS = YES_AGGRESSIVE;
				GCC_WARN_UNUSED_FUNCTION = YES;
				GCC_WARN_UNUSED_VARIABLE = YES;
				IPHONEOS_DEPLOYMENT_TARGET = 15.2;
				MTL_ENABLE_DEBUG_INFO = NO;
				MTL_FAST_MATH = YES;
				SDKROOT = iphoneos;
				SWIFT_COMPILATION_MODE = wholemodule;
				SWIFT_OPTIMIZATION_LEVEL = "-O";
				VALIDATE_PRODUCT = YES;
			};
			name = Release;
		};
		022CBD9427BAF1270049B98F /* Debug */ = {
			isa = XCBuildConfiguration;
			buildSettings = {
				ASSETCATALOG_COMPILER_APPICON_NAME = AppIcon;
				ASSETCATALOG_COMPILER_GLOBAL_ACCENT_COLOR_NAME = AccentColor;
				CODE_SIGN_STYLE = Automatic;
				CURRENT_PROJECT_VERSION = 1;
				GENERATE_INFOPLIST_FILE = YES;
				INFOPLIST_FILE = Homework2/Info.plist;
				INFOPLIST_KEY_UIApplicationSupportsIndirectInputEvents = YES;
				INFOPLIST_KEY_UILaunchStoryboardName = LaunchScreen;
				INFOPLIST_KEY_UISupportedInterfaceOrientations = UIInterfaceOrientationPortrait;
				INFOPLIST_KEY_UISupportedInterfaceOrientations_iPad = "UIInterfaceOrientationPortrait UIInterfaceOrientationPortraitUpsideDown UIInterfaceOrientationLandscapeLeft UIInterfaceOrientationLandscapeRight";
				INFOPLIST_KEY_UISupportedInterfaceOrientations_iPhone = "UIInterfaceOrientationPortrait UIInterfaceOrientationLandscapeLeft UIInterfaceOrientationLandscapeRight";
				LD_RUNPATH_SEARCH_PATHS = (
					"$(inherited)",
					"@executable_path/Frameworks",
				);
				MARKETING_VERSION = 1.0;
				PRODUCT_BUNDLE_IDENTIFIER = "florencio.gallegso-mobileconsultingapplications.us.Homework2";
				PRODUCT_NAME = "$(TARGET_NAME)";
				SWIFT_EMIT_LOC_STRINGS = YES;
				SWIFT_VERSION = 5.0;
				TARGETED_DEVICE_FAMILY = "1,2";
			};
			name = Debug;
		};
		022CBD9527BAF1270049B98F /* Release */ = {
			isa = XCBuildConfiguration;
			buildSettings = {
				ASSETCATALOG_COMPILER_APPICON_NAME = AppIcon;
				ASSETCATALOG_COMPILER_GLOBAL_ACCENT_COLOR_NAME = AccentColor;
				CODE_SIGN_STYLE = Automatic;
				CURRENT_PROJECT_VERSION = 1;
				GENERATE_INFOPLIST_FILE = YES;
				INFOPLIST_FILE = Homework2/Info.plist;
				INFOPLIST_KEY_UIApplicationSupportsIndirectInputEvents = YES;
				INFOPLIST_KEY_UILaunchStoryboardName = LaunchScreen;
				INFOPLIST_KEY_UISupportedInterfaceOrientations = UIInterfaceOrientationPortrait;
				INFOPLIST_KEY_UISupportedInterfaceOrientations_iPad = "UIInterfaceOrientationPortrait UIInterfaceOrientationPortraitUpsideDown UIInterfaceOrientationLandscapeLeft UIInterfaceOrientationLandscapeRight";
				INFOPLIST_KEY_UISupportedInterfaceOrientations_iPhone = "UIInterfaceOrientationPortrait UIInterfaceOrientationLandscapeLeft UIInterfaceOrientationLandscapeRight";
				LD_RUNPATH_SEARCH_PATHS = (
					"$(inherited)",
					"@executable_path/Frameworks",
				);
				MARKETING_VERSION = 1.0;
				PRODUCT_BUNDLE_IDENTIFIER = "florencio.gallegso-mobileconsultingapplications.us.Homework2";
				PRODUCT_NAME = "$(TARGET_NAME)";
				SWIFT_EMIT_LOC_STRINGS = YES;
				SWIFT_VERSION = 5.0;
				TARGETED_DEVICE_FAMILY = "1,2";
			};
			name = Release;
		};
/* End XCBuildConfiguration section */

/* Begin XCConfigurationList section */
		022CBD7A27BAF1260049B98F /* Build configuration list for PBXProject "Homework2" */ = {
			isa = XCConfigurationList;
			buildConfigurations = (
				022CBD9127BAF1270049B98F /* Debug */,
				022CBD9227BAF1270049B98F /* Release */,
			);
			defaultConfigurationIsVisible = 0;
			defaultConfigurationName = Release;
		};
		022CBD9327BAF1270049B98F /* Build configuration list for PBXNativeTarget "Homework2" */ = {
			isa = XCConfigurationList;
			buildConfigurations = (
				022CBD9427BAF1270049B98F /* Debug */,
				022CBD9527BAF1270049B98F /* Release */,
			);
			defaultConfigurationIsVisible = 0;
			defaultConfigurationName = Release;
		};
/* End XCConfigurationList section */
	};
	rootObject = 022CBD7727BAF1260049B98F /* Project object */;
}
